
Microsoft Visual Studio Solution File, Format Version 11.00
# Visual Studio 2010
Project("{FAE04EC0-301F-11D3-BF4B-00C04F79EFBC}") = "Indexer", "Indexer\Indexer.csproj", "{8B937EB7-2104-46E4-A53D-D1E6FB2B7AF6}"
EndProject
Project("{FAE04EC0-301F-11D3-BF4B-00C04F79EFBC}") = "Indexer.UnitTests", "Indexer.UnitTests\Indexer.UnitTests.csproj", "{BC331A14-2CAB-4C33-BEFC-9A3F97193D59}"
EndProject
Project("{2150E333-8FDC-42A3-9474-1A3956D46DE8}") = "Solution Items", "Solution Items", "{208B9DBB-95A2-44F9-A226-536FDDBAA314}"
	ProjectSection(SolutionItems) = preProject
		Indexer.vsmdi = Indexer.vsmdi
		Local.testsettings = Local.testsettings
		TraceAndTestImpact.testsettings = TraceAndTestImpact.testsettings
	EndProjectSection
EndProject
Global
	GlobalSection(TestCaseManagementSettings) = postSolution
		CategoryFile = Indexer.vsmdi
	EndGlobalSection
	GlobalSection(SolutionConfigurationPlatforms) = preSolution
		Debug|Any CPU = Debug|Any CPU
		Release|Any CPU = Release|Any CPU
	EndGlobalSection
	GlobalSection(ProjectConfigurationPlatforms) = postSolution
		{8B937EB7-2104-46E4-A53D-D1E6FB2B7AF6}.Debug|Any CPU.ActiveCfg = Debug|Any CPU
		{8B937EB7-2104-46E4-A53D-D1E6FB2B7AF6}.Debug|Any CPU.Build.0 = Debug|Any CPU
		{8B937EB7-2104-46E4-A53D-D1E6FB2B7AF6}.Release|Any CPU.ActiveCfg = Release|Any CPU
		{8B937EB7-2104-46E4-A53D-D1E6FB2B7AF6}.Release|Any CPU.Build.0 = Release|Any CPU
		{BC331A14-2CAB-4C33-BEFC-9A3F97193D59}.Debug|Any CPU.ActiveCfg = Debug|Any CPU
		{BC331A14-2CAB-4C33-BEFC-9A3F97193D59}.Debug|Any CPU.Build.0 = Debug|Any CPU
		{BC331A14-2CAB-4C33-BEFC-9A3F97193D59}.Release|Any CPU.ActiveCfg = Release|Any CPU
		{BC331A14-2CAB-4C33-BEFC-9A3F97193D59}.Release|Any CPU.Build.0 = Release|Any CPU
	EndGlobalSection
	GlobalSection(SolutionProperties) = preSolution
		HideSolutionNode = FALSE
	EndGlobalSection
EndGlobal
