
Microsoft Visual Studio Solution File, Format Version 11.00
# Visual Studio 2010
Project("{FAE04EC0-301F-11D3-BF4B-00C04F79EFBC}") = "TicTacToe.Classes", "TicTacToe.Classes\TicTacToe.Classes.csproj", "{5EE8BB87-80B3-44D5-AF21-B7EAF417AA7F}"
EndProject
Project("{FAE04EC0-301F-11D3-BF4B-00C04F79EFBC}") = "TicTacToe.UI", "TicTacToe.UI\TicTacToe.UI.csproj", "{59853D29-D3E2-4BCC-8727-7C5305020318}"
EndProject
Global
	GlobalSection(TestCaseManagementSettings) = postSolution
		CategoryFile = TicTacToe1.vsmdi
	EndGlobalSection
	GlobalSection(SolutionConfigurationPlatforms) = preSolution
		Debug|Any CPU = Debug|Any CPU
		Release|Any CPU = Release|Any CPU
	EndGlobalSection
	GlobalSection(ProjectConfigurationPlatforms) = postSolution
		{5EE8BB87-80B3-44D5-AF21-B7EAF417AA7F}.Debug|Any CPU.ActiveCfg = Debug|Any CPU
		{5EE8BB87-80B3-44D5-AF21-B7EAF417AA7F}.Debug|Any CPU.Build.0 = Debug|Any CPU
		{5EE8BB87-80B3-44D5-AF21-B7EAF417AA7F}.Release|Any CPU.ActiveCfg = Release|Any CPU
		{5EE8BB87-80B3-44D5-AF21-B7EAF417AA7F}.Release|Any CPU.Build.0 = Release|Any CPU
		{59853D29-D3E2-4BCC-8727-7C5305020318}.Debug|Any CPU.ActiveCfg = Debug|Any CPU
		{59853D29-D3E2-4BCC-8727-7C5305020318}.Debug|Any CPU.Build.0 = Debug|Any CPU
		{59853D29-D3E2-4BCC-8727-7C5305020318}.Release|Any CPU.ActiveCfg = Release|Any CPU
		{59853D29-D3E2-4BCC-8727-7C5305020318}.Release|Any CPU.Build.0 = Release|Any CPU
	EndGlobalSection
	GlobalSection(SolutionProperties) = preSolution
		HideSolutionNode = FALSE
	EndGlobalSection
EndGlobal
