
Microsoft Visual Studio Solution File, Format Version 11.00
# Visual Studio 2010
Project("{FAE04EC0-301F-11D3-BF4B-00C04F79EFBC}") = "Indexer", "..\Indexer\Indexer\Indexer.csproj", "{8B937EB7-2104-46E4-A53D-D1E6FB2B7AF6}"
EndProject
Project("{FAE04EC0-301F-11D3-BF4B-00C04F79EFBC}") = "Core", "..\Core\Core.csproj", "{DB482A0E-4294-4008-BC79-D22505B5B661}"
EndProject
Project("{FAE04EC0-301F-11D3-BF4B-00C04F79EFBC}") = "Parser", "..\Parser\Parser.csproj", "{C51F35A9-8D3F-44F2-8A8E-E7BFCCABE9CF}"
EndProject
Project("{FAE04EC0-301F-11D3-BF4B-00C04F79EFBC}") = "SandoVSExtension", "..\SandoVSExtension\SandoVSExtension.csproj", "{DA4FF6AB-8DA0-4CA0-904F-FEDFD715636C}"
EndProject
Project("{FAE04EC0-301F-11D3-BF4B-00C04F79EFBC}") = "Search Engine", "..\Search Engine\Search Engine.csproj", "{925D387B-4DF8-469E-8867-1FBC3D3131B4}"
EndProject
Project("{FAE04EC0-301F-11D3-BF4B-00C04F79EFBC}") = "Testing", "..\Testing\Testing.csproj", "{0BB2A342-8BFE-4483-9DAD-83EBF4BBA978}"
EndProject
Project("{FAE04EC0-301F-11D3-BF4B-00C04F79EFBC}") = "UI", "..\UI\UI.csproj", "{301DCCF5-C559-4CB2-BF1A-CE167B3BF33A}"
EndProject
Global
	GlobalSection(SolutionConfigurationPlatforms) = preSolution
		Debug|Any CPU = Debug|Any CPU
		Debug|Mixed Platforms = Debug|Mixed Platforms
		Debug|x86 = Debug|x86
		Release|Any CPU = Release|Any CPU
		Release|Mixed Platforms = Release|Mixed Platforms
		Release|x86 = Release|x86
	EndGlobalSection
	GlobalSection(ProjectConfigurationPlatforms) = postSolution
		{8B937EB7-2104-46E4-A53D-D1E6FB2B7AF6}.Debug|Any CPU.ActiveCfg = Debug|Any CPU
		{8B937EB7-2104-46E4-A53D-D1E6FB2B7AF6}.Debug|Any CPU.Build.0 = Debug|Any CPU
		{8B937EB7-2104-46E4-A53D-D1E6FB2B7AF6}.Debug|Mixed Platforms.ActiveCfg = Debug|Any CPU
		{8B937EB7-2104-46E4-A53D-D1E6FB2B7AF6}.Debug|Mixed Platforms.Build.0 = Debug|Any CPU
		{8B937EB7-2104-46E4-A53D-D1E6FB2B7AF6}.Debug|x86.ActiveCfg = Debug|Any CPU
		{8B937EB7-2104-46E4-A53D-D1E6FB2B7AF6}.Release|Any CPU.ActiveCfg = Release|Any CPU
		{8B937EB7-2104-46E4-A53D-D1E6FB2B7AF6}.Release|Any CPU.Build.0 = Release|Any CPU
		{8B937EB7-2104-46E4-A53D-D1E6FB2B7AF6}.Release|Mixed Platforms.ActiveCfg = Release|Any CPU
		{8B937EB7-2104-46E4-A53D-D1E6FB2B7AF6}.Release|Mixed Platforms.Build.0 = Release|Any CPU
		{8B937EB7-2104-46E4-A53D-D1E6FB2B7AF6}.Release|x86.ActiveCfg = Release|Any CPU
		{DB482A0E-4294-4008-BC79-D22505B5B661}.Debug|Any CPU.ActiveCfg = Debug|Any CPU
		{DB482A0E-4294-4008-BC79-D22505B5B661}.Debug|Any CPU.Build.0 = Debug|Any CPU
		{DB482A0E-4294-4008-BC79-D22505B5B661}.Debug|Mixed Platforms.ActiveCfg = Debug|Any CPU
		{DB482A0E-4294-4008-BC79-D22505B5B661}.Debug|Mixed Platforms.Build.0 = Debug|Any CPU
		{DB482A0E-4294-4008-BC79-D22505B5B661}.Debug|x86.ActiveCfg = Debug|Any CPU
		{DB482A0E-4294-4008-BC79-D22505B5B661}.Release|Any CPU.ActiveCfg = Release|Any CPU
		{DB482A0E-4294-4008-BC79-D22505B5B661}.Release|Any CPU.Build.0 = Release|Any CPU
		{DB482A0E-4294-4008-BC79-D22505B5B661}.Release|Mixed Platforms.ActiveCfg = Release|Any CPU
		{DB482A0E-4294-4008-BC79-D22505B5B661}.Release|Mixed Platforms.Build.0 = Release|Any CPU
		{DB482A0E-4294-4008-BC79-D22505B5B661}.Release|x86.ActiveCfg = Release|Any CPU
		{C51F35A9-8D3F-44F2-8A8E-E7BFCCABE9CF}.Debug|Any CPU.ActiveCfg = Debug|Any CPU
		{C51F35A9-8D3F-44F2-8A8E-E7BFCCABE9CF}.Debug|Any CPU.Build.0 = Debug|Any CPU
		{C51F35A9-8D3F-44F2-8A8E-E7BFCCABE9CF}.Debug|Mixed Platforms.ActiveCfg = Debug|Any CPU
		{C51F35A9-8D3F-44F2-8A8E-E7BFCCABE9CF}.Debug|Mixed Platforms.Build.0 = Debug|Any CPU
		{C51F35A9-8D3F-44F2-8A8E-E7BFCCABE9CF}.Debug|x86.ActiveCfg = Debug|Any CPU
		{C51F35A9-8D3F-44F2-8A8E-E7BFCCABE9CF}.Release|Any CPU.ActiveCfg = Release|Any CPU
		{C51F35A9-8D3F-44F2-8A8E-E7BFCCABE9CF}.Release|Any CPU.Build.0 = Release|Any CPU
		{C51F35A9-8D3F-44F2-8A8E-E7BFCCABE9CF}.Release|Mixed Platforms.ActiveCfg = Release|Any CPU
		{C51F35A9-8D3F-44F2-8A8E-E7BFCCABE9CF}.Release|Mixed Platforms.Build.0 = Release|Any CPU
		{C51F35A9-8D3F-44F2-8A8E-E7BFCCABE9CF}.Release|x86.ActiveCfg = Release|Any CPU
		{DA4FF6AB-8DA0-4CA0-904F-FEDFD715636C}.Debug|Any CPU.ActiveCfg = Debug|Any CPU
		{DA4FF6AB-8DA0-4CA0-904F-FEDFD715636C}.Debug|Any CPU.Build.0 = Debug|Any CPU
		{DA4FF6AB-8DA0-4CA0-904F-FEDFD715636C}.Debug|Mixed Platforms.ActiveCfg = Debug|Any CPU
		{DA4FF6AB-8DA0-4CA0-904F-FEDFD715636C}.Debug|Mixed Platforms.Build.0 = Debug|Any CPU
		{DA4FF6AB-8DA0-4CA0-904F-FEDFD715636C}.Debug|x86.ActiveCfg = Debug|Any CPU
		{DA4FF6AB-8DA0-4CA0-904F-FEDFD715636C}.Release|Any CPU.ActiveCfg = Release|Any CPU
		{DA4FF6AB-8DA0-4CA0-904F-FEDFD715636C}.Release|Any CPU.Build.0 = Release|Any CPU
		{DA4FF6AB-8DA0-4CA0-904F-FEDFD715636C}.Release|Mixed Platforms.ActiveCfg = Release|Any CPU
		{DA4FF6AB-8DA0-4CA0-904F-FEDFD715636C}.Release|Mixed Platforms.Build.0 = Release|Any CPU
		{DA4FF6AB-8DA0-4CA0-904F-FEDFD715636C}.Release|x86.ActiveCfg = Release|Any CPU
		{925D387B-4DF8-469E-8867-1FBC3D3131B4}.Debug|Any CPU.ActiveCfg = Debug|Any CPU
		{925D387B-4DF8-469E-8867-1FBC3D3131B4}.Debug|Any CPU.Build.0 = Debug|Any CPU
		{925D387B-4DF8-469E-8867-1FBC3D3131B4}.Debug|Mixed Platforms.ActiveCfg = Debug|Any CPU
		{925D387B-4DF8-469E-8867-1FBC3D3131B4}.Debug|Mixed Platforms.Build.0 = Debug|Any CPU
		{925D387B-4DF8-469E-8867-1FBC3D3131B4}.Debug|x86.ActiveCfg = Debug|Any CPU
		{925D387B-4DF8-469E-8867-1FBC3D3131B4}.Release|Any CPU.ActiveCfg = Release|Any CPU
		{925D387B-4DF8-469E-8867-1FBC3D3131B4}.Release|Any CPU.Build.0 = Release|Any CPU
		{925D387B-4DF8-469E-8867-1FBC3D3131B4}.Release|Mixed Platforms.ActiveCfg = Release|Any CPU
		{925D387B-4DF8-469E-8867-1FBC3D3131B4}.Release|Mixed Platforms.Build.0 = Release|Any CPU
		{925D387B-4DF8-469E-8867-1FBC3D3131B4}.Release|x86.ActiveCfg = Release|Any CPU
		{0BB2A342-8BFE-4483-9DAD-83EBF4BBA978}.Debug|Any CPU.ActiveCfg = Debug|Any CPU
		{0BB2A342-8BFE-4483-9DAD-83EBF4BBA978}.Debug|Any CPU.Build.0 = Debug|Any CPU
		{0BB2A342-8BFE-4483-9DAD-83EBF4BBA978}.Debug|Mixed Platforms.ActiveCfg = Debug|Any CPU
		{0BB2A342-8BFE-4483-9DAD-83EBF4BBA978}.Debug|Mixed Platforms.Build.0 = Debug|Any CPU
		{0BB2A342-8BFE-4483-9DAD-83EBF4BBA978}.Debug|x86.ActiveCfg = Debug|Any CPU
		{0BB2A342-8BFE-4483-9DAD-83EBF4BBA978}.Release|Any CPU.ActiveCfg = Release|Any CPU
		{0BB2A342-8BFE-4483-9DAD-83EBF4BBA978}.Release|Any CPU.Build.0 = Release|Any CPU
		{0BB2A342-8BFE-4483-9DAD-83EBF4BBA978}.Release|Mixed Platforms.ActiveCfg = Release|Any CPU
		{0BB2A342-8BFE-4483-9DAD-83EBF4BBA978}.Release|Mixed Platforms.Build.0 = Release|Any CPU
		{0BB2A342-8BFE-4483-9DAD-83EBF4BBA978}.Release|x86.ActiveCfg = Release|Any CPU
		{301DCCF5-C559-4CB2-BF1A-CE167B3BF33A}.Debug|Any CPU.ActiveCfg = Debug|Any CPU
		{301DCCF5-C559-4CB2-BF1A-CE167B3BF33A}.Debug|Any CPU.Build.0 = Debug|Any CPU
		{301DCCF5-C559-4CB2-BF1A-CE167B3BF33A}.Debug|Mixed Platforms.ActiveCfg = Debug|Any CPU
		{301DCCF5-C559-4CB2-BF1A-CE167B3BF33A}.Debug|Mixed Platforms.Build.0 = Debug|Any CPU
		{301DCCF5-C559-4CB2-BF1A-CE167B3BF33A}.Debug|x86.ActiveCfg = Debug|Any CPU
		{301DCCF5-C559-4CB2-BF1A-CE167B3BF33A}.Release|Any CPU.ActiveCfg = Release|Any CPU
		{301DCCF5-C559-4CB2-BF1A-CE167B3BF33A}.Release|Any CPU.Build.0 = Release|Any CPU
		{301DCCF5-C559-4CB2-BF1A-CE167B3BF33A}.Release|Mixed Platforms.ActiveCfg = Release|Any CPU
		{301DCCF5-C559-4CB2-BF1A-CE167B3BF33A}.Release|Mixed Platforms.Build.0 = Release|Any CPU
		{301DCCF5-C559-4CB2-BF1A-CE167B3BF33A}.Release|x86.ActiveCfg = Release|Any CPU
	EndGlobalSection
	GlobalSection(SolutionProperties) = preSolution
		HideSolutionNode = FALSE
	EndGlobalSection
EndGlobal
