
Microsoft Visual Studio Solution File, Format Version 12.00
# Visual Studio 2012
Project("{FAE04EC0-301F-11D3-BF4B-00C04F79EFBC}") = "Indexer", "..\Indexer\Indexer\Indexer.csproj", "{8B937EB7-2104-46E4-A53D-D1E6FB2B7AF6}"
EndProject
Project("{FAE04EC0-301F-11D3-BF4B-00C04F79EFBC}") = "Parser", "..\Parser\Parser\Parser.csproj", "{C51F35A9-8D3F-44F2-8A8E-E7BFCCABE9CF}"
EndProject
Project("{FAE04EC0-301F-11D3-BF4B-00C04F79EFBC}") = "Search Engine", "..\Search Engine\Search Engine\Search Engine.csproj", "{925D387B-4DF8-469E-8867-1FBC3D3131B4}"
EndProject
Project("{FAE04EC0-301F-11D3-BF4B-00C04F79EFBC}") = "UI", "..\UI\UI\UI.csproj", "{301DCCF5-C559-4CB2-BF1A-CE167B3BF33A}"
EndProject
Project("{FAE04EC0-301F-11D3-BF4B-00C04F79EFBC}") = "Core", "..\Core\Core\Core.csproj", "{DB482A0E-4294-4008-BC79-D22505B5B661}"
EndProject
Global
	GlobalSection(SolutionConfigurationPlatforms) = preSolution
		Debug|Any CPU = Debug|Any CPU
		Release|Any CPU = Release|Any CPU
	EndGlobalSection
	GlobalSection(ProjectConfigurationPlatforms) = postSolution
		{8B937EB7-2104-46E4-A53D-D1E6FB2B7AF6}.Debug|Any CPU.ActiveCfg = Debug|Any CPU
		{8B937EB7-2104-46E4-A53D-D1E6FB2B7AF6}.Debug|Any CPU.Build.0 = Debug|Any CPU
		{8B937EB7-2104-46E4-A53D-D1E6FB2B7AF6}.Release|Any CPU.ActiveCfg = Release|Any CPU
		{8B937EB7-2104-46E4-A53D-D1E6FB2B7AF6}.Release|Any CPU.Build.0 = Release|Any CPU
		{C51F35A9-8D3F-44F2-8A8E-E7BFCCABE9CF}.Debug|Any CPU.ActiveCfg = Debug|Any CPU
		{C51F35A9-8D3F-44F2-8A8E-E7BFCCABE9CF}.Debug|Any CPU.Build.0 = Debug|Any CPU
		{C51F35A9-8D3F-44F2-8A8E-E7BFCCABE9CF}.Release|Any CPU.ActiveCfg = Release|Any CPU
		{C51F35A9-8D3F-44F2-8A8E-E7BFCCABE9CF}.Release|Any CPU.Build.0 = Release|Any CPU
		{925D387B-4DF8-469E-8867-1FBC3D3131B4}.Debug|Any CPU.ActiveCfg = Debug|Any CPU
		{925D387B-4DF8-469E-8867-1FBC3D3131B4}.Debug|Any CPU.Build.0 = Debug|Any CPU
		{925D387B-4DF8-469E-8867-1FBC3D3131B4}.Release|Any CPU.ActiveCfg = Release|Any CPU
		{925D387B-4DF8-469E-8867-1FBC3D3131B4}.Release|Any CPU.Build.0 = Release|Any CPU
		{301DCCF5-C559-4CB2-BF1A-CE167B3BF33A}.Debug|Any CPU.ActiveCfg = Debug|Any CPU
		{301DCCF5-C559-4CB2-BF1A-CE167B3BF33A}.Debug|Any CPU.Build.0 = Debug|Any CPU
		{301DCCF5-C559-4CB2-BF1A-CE167B3BF33A}.Release|Any CPU.ActiveCfg = Release|Any CPU
		{301DCCF5-C559-4CB2-BF1A-CE167B3BF33A}.Release|Any CPU.Build.0 = Release|Any CPU
		{DB482A0E-4294-4008-BC79-D22505B5B661}.Debug|Any CPU.ActiveCfg = Debug|Any CPU
		{DB482A0E-4294-4008-BC79-D22505B5B661}.Debug|Any CPU.Build.0 = Debug|Any CPU
		{DB482A0E-4294-4008-BC79-D22505B5B661}.Release|Any CPU.ActiveCfg = Release|Any CPU
		{DB482A0E-4294-4008-BC79-D22505B5B661}.Release|Any CPU.Build.0 = Release|Any CPU
	EndGlobalSection
	GlobalSection(SolutionProperties) = preSolution
		HideSolutionNode = FALSE
	EndGlobalSection
	GlobalSection(Performance) = preSolution
		HasPerformanceSessions = true
	EndGlobalSection
EndGlobal
